// !$*UTF8*$!
{
	archiveVersion = 1;
	classes = {
	};
	objectVersion = 46;
	objects = {

/* Begin PBXBuildFile section */
		AFF463E01DBF56CF0059C67D /* AppDelegate.swift in Sources */ = {isa = PBXBuildFile; fileRef = AFF463DF1DBF56CF0059C67D /* AppDelegate.swift */; };
		AFF463E21DBF56CF0059C67D /* ViewController.swift in Sources */ = {isa = PBXBuildFile; fileRef = AFF463E11DBF56CF0059C67D /* ViewController.swift */; };
		AFF463E51DBF56CF0059C67D /* Main.storyboard in Resources */ = {isa = PBXBuildFile; fileRef = AFF463E31DBF56CF0059C67D /* Main.storyboard */; };
		AFF463E71DBF56CF0059C67D /* Assets.xcassets in Resources */ = {isa = PBXBuildFile; fileRef = AFF463E61DBF56CF0059C67D /* Assets.xcassets */; };
		AFF463EA1DBF56CF0059C67D /* LaunchScreen.storyboard in Resources */ = {isa = PBXBuildFile; fileRef = AFF463E81DBF56CF0059C67D /* LaunchScreen.storyboard */; };
/* End PBXBuildFile section */

/* Begin PBXFileReference section */
		AFF463DC1DBF56CF0059C67D /* buyHouse.app */ = {isa = PBXFileReference; explicitFileType = wrapper.application; includeInIndex = 0; path = buyHouse.app; sourceTree = BUILT_PRODUCTS_DIR; };
		AFF463DF1DBF56CF0059C67D /* AppDelegate.swift */ = {isa = PBXFileReference; lastKnownFileType = sourcecode.swift; path = AppDelegate.swift; sourceTree = "<group>"; };
		AFF463E11DBF56CF0059C67D /* ViewController.swift */ = {isa = PBXFileReference; lastKnownFileType = sourcecode.swift; path = ViewController.swift; sourceTree = "<group>"; };
		AFF463E41DBF56CF0059C67D /* Base */ = {isa = PBXFileReference; lastKnownFileType = file.storyboard; name = Base; path = Base.lproj/Main.storyboard; sourceTree = "<group>"; };
		AFF463E61DBF56CF0059C67D /* Assets.xcassets */ = {isa = PBXFileReference; lastKnownFileType = folder.assetcatalog; path = Assets.xcassets; sourceTree = "<group>"; };
		AFF463E91DBF56CF0059C67D /* Base */ = {isa = PBXFileReference; lastKnownFileType = file.storyboard; name = Base; path = Base.lproj/LaunchScreen.storyboard; sourceTree = "<group>"; };
		AFF463EB1DBF56CF0059C67D /* Info.plist */ = {isa = PBXFileReference; lastKnownFileType = text.plist.xml; path = Info.plist; sourceTree = "<group>"; };
/* End PBXFileReference section */

/* Begin PBXFrameworksBuildPhase section */
		AFF463D91DBF56CF0059C67D /* Frameworks */ = {
			isa = PBXFrameworksBuildPhase;
			buildActionMask = 2147483647;
			files = (
			);
			runOnlyForDeploymentPostprocessing = 0;
		};
/* End PBXFrameworksBuildPhase section */

/* Begin PBXGroup section */
		AFF463D31DBF56CF0059C67D = {
			isa = PBXGroup;
			children = (
				AFF463DE1DBF56CF0059C67D /* buyHouse */,
				AFF463DD1DBF56CF0059C67D /* Products */,
			);
			sourceTree = "<group>";
		};
		AFF463DD1DBF56CF0059C67D /* Products */ = {
			isa = PBXGroup;
			children = (
				AFF463DC1DBF56CF0059C67D /* buyHouse.app */,
			);
			name = Products;
			sourceTree = "<group>";
		};
		AFF463DE1DBF56CF0059C67D /* buyHouse */ = {
			isa = PBXGroup;
			children = (
				AFF463DF1DBF56CF0059C67D /* AppDelegate.swift */,
				AFF463E11DBF56CF0059C67D /* ViewController.swift */,
				AFF463E31DBF56CF0059C67D /* Main.storyboard */,
				AFF463E61DBF56CF0059C67D /* Assets.xcassets */,
				AFF463E81DBF56CF0059C67D /* LaunchScreen.storyboard */,
				AFF463EB1DBF56CF0059C67D /* Info.plist */,
			);
			path = buyHouse;
			sourceTree = "<group>";
		};
/* End PBXGroup section */

/* Begin PBXNativeTarget section */
		AFF463DB1DBF56CF0059C67D /* buyHouse */ = {
			isa = PBXNativeTarget;
			buildConfigurationList = AFF463EE1DBF56CF0059C67D /* Build configuration list for PBXNativeTarget "buyHouse" */;
			buildPhases = (
				AFF463D81DBF56CF0059C67D /* Sources */,
				AFF463D91DBF56CF0059C67D /* Frameworks */,
				AFF463DA1DBF56CF0059C67D /* Resources */,
			);
			buildRules = (
			);
			dependencies = (
			);
			name = buyHouse;
			productName = buyHouse;
			productReference = AFF463DC1DBF56CF0059C67D /* buyHouse.app */;
			productType = "com.apple.product-type.application";
		};
/* End PBXNativeTarget section */

/* Begin PBXProject section */
		AFF463D41DBF56CF0059C67D /* Project object */ = {
			isa = PBXProject;
			attributes = {
				LastSwiftUpdateCheck = 0800;
				LastUpgradeCheck = 0800;
				ORGANIZATIONNAME = "ice elson";
				TargetAttributes = {
					AFF463DB1DBF56CF0059C67D = {
						CreatedOnToolsVersion = 8.0;
						DevelopmentTeam = U55RL8468U;
						ProvisioningStyle = Automatic;
					};
				};
			};
			buildConfigurationList = AFF463D71DBF56CF0059C67D /* Build configuration list for PBXProject "buyHouse" */;
			compatibilityVersion = "Xcode 3.2";
			developmentRegion = English;
			hasScannedForEncodings = 0;
			knownRegions = (
				en,
				Base,
			);
			mainGroup = AFF463D31DBF56CF0059C67D;
			productRefGroup = AFF463DD1DBF56CF0059C67D /* Products */;
			projectDirPath = "";
			projectRoot = "";
			targets = (
				AFF463DB1DBF56CF0059C67D /* buyHouse */,
			);
		};
/* End PBXProject section */

/* Begin PBXResourcesBuildPhase section */
		AFF463DA1DBF56CF0059C67D /* Resources */ = {
			isa = PBXResourcesBuildPhase;
			buildActionMask = 2147483647;
			files = (
				AFF463EA1DBF56CF0059C67D /* LaunchScreen.storyboard in Resources */,
				AFF463E71DBF56CF0059C67D /* Assets.xcassets in Resources */,
				AFF463E51DBF56CF0059C67D /* Main.storyboard in Resources */,
			);
			runOnlyForDeploymentPostprocessing = 0;
		};
/* End PBXResourcesBuildPhase section */

/* Begin PBXSourcesBuildPhase section */
		AFF463D81DBF56CF0059C67D /* Sources */ = {
			isa = PBXSourcesBuildPhase;
			buildActionMask = 2147483647;
			files = (
				AFF463E21DBF56CF0059C67D /* ViewController.swift in Sources */,
				AFF463E01DBF56CF0059C67D /* AppDelegate.swift in Sources */,
			);
			runOnlyForDeploymentPostprocessing = 0;
		};
/* End PBXSourcesBuildPhase section */

/* Begin PBXVariantGroup section */
		AFF463E31DBF56CF0059C67D /* Main.storyboard */ = {
			isa = PBXVariantGroup;
			children = (
				AFF463E41DBF56CF0059C67D /* Base */,
			);
			name = Main.storyboard;
			sourceTree = "<group>";
		};
		AFF463E81DBF56CF0059C67D /* LaunchScreen.storyboard */ = {
			isa = PBXVariantGroup;
			children = (
				AFF463E91DBF56CF0059C67D /* Base */,
			);
			name = LaunchScreen.storyboard;
			sourceTree = "<group>";
		};
/* End PBXVariantGroup section */

/* Begin XCBuildConfiguration section */
		AFF463EC1DBF56CF0059C67D /* Debug */ = {
			isa = XCBuildConfiguration;
			buildSettings = {
				ALWAYS_SEARCH_USER_PATHS = NO;
				CLANG_ANALYZER_NONNULL = YES;
				CLANG_CXX_LANGUAGE_STANDARD = "gnu++0x";
				CLANG_CXX_LIBRARY = "libc++";
				CLANG_ENABLE_MODULES = YES;
				CLANG_ENABLE_OBJC_ARC = YES;
				CLANG_WARN_BOOL_CONVERSION = YES;
				CLANG_WARN_CONSTANT_CONVERSION = YES;
				CLANG_WARN_DIRECT_OBJC_ISA_USAGE = YES_ERROR;
				CLANG_WARN_DOCUMENTATION_COMMENTS = YES;
				CLANG_WARN_EMPTY_BODY = YES;
				CLANG_WARN_ENUM_CONVERSION = YES;
				CLANG_WARN_INFINITE_RECURSION = YES;
				CLANG_WARN_INT_CONVERSION = YES;
				CLANG_WARN_OBJC_ROOT_CLASS = YES_ERROR;
				CLANG_WARN_SUSPICIOUS_MOVES = YES;
				CLANG_WARN_UNREACHABLE_CODE = YES;
				CLANG_WARN__DUPLICATE_METHOD_MATCH = YES;
				"CODE_SIGN_IDENTITY[sdk=iphoneos*]" = "iPhone Developer";
				COPY_PHASE_STRIP = NO;
				DEBUG_INFORMATION_FORMAT = dwarf;
				ENABLE_STRICT_OBJC_MSGSEND = YES;
				ENABLE_TESTABILITY = YES;
				GCC_C_LANGUAGE_STANDARD = gnu99;
				GCC_DYNAMIC_NO_PIC = NO;
				GCC_NO_COMMON_BLOCKS = YES;
				GCC_OPTIMIZATION_LEVEL = 0;
				GCC_PREPROCESSOR_DEFINITIONS = (
					"DEBUG=1",
					"$(inherited)",
				);
				GCC_WARN_64_TO_32_BIT_CONVERSION = YES;
				GCC_WARN_ABOUT_RETURN_TYPE = YES_ERROR;
				GCC_WARN_UNDECLARED_SELECTOR = YES;
				GCC_WARN_UNINITIALIZED_AUTOS = YES_AGGRESSIVE;
				GCC_WARN_UNUSED_FUNCTION = YES;
				GCC_WARN_UNUSED_VARIABLE = YES;
				IPHONEOS_DEPLOYMENT_TARGET = 10.0;
				MTL_ENABLE_DEBUG_INFO = YES;
				ONLY_ACTIVE_ARCH = YES;
				SDKROOT = iphoneos;
				SWIFT_ACTIVE_COMPILATION_CONDITIONS = DEBUG;
				SWIFT_OPTIMIZATION_LEVEL = "-Onone";
			};
			name = Debug;
		};
		AFF463ED1DBF56CF0059C67D /* Release */ = {
			isa = XCBuildConfiguration;
			buildSettings = {
				ALWAYS_SEARCH_USER_PATHS = NO;
				CLANG_ANALYZER_NONNULL = YES;
				CLANG_CXX_LANGUAGE_STANDARD = "gnu++0x";
				CLANG_CXX_LIBRARY = "libc++";
				CLANG_ENABLE_MODULES = YES;
				CLANG_ENABLE_OBJC_ARC = YES;
				CLANG_WARN_BOOL_CONVERSION = YES;
				CLANG_WARN_CONSTANT_CONVERSION = YES;
				CLANG_WARN_DIRECT_OBJC_ISA_USAGE = YES_ERROR;
				CLANG_WARN_DOCUMENTATION_COMMENTS = YES;
				CLANG_WARN_EMPTY_BODY = YES;
				CLANG_WARN_ENUM_CONVERSION = YES;
				CLANG_WARN_INFINITE_RECURSION = YES;
				CLANG_WARN_INT_CONVERSION = YES;
				CLANG_WARN_OBJC_ROOT_CLASS = YES_ERROR;
				CLANG_WARN_SUSPICIOUS_MOVES = YES;
				CLANG_WARN_UNREACHABLE_CODE = YES;
				CLANG_WARN__DUPLICATE_METHOD_MATCH = YES;
				"CODE_SIGN_IDENTITY[sdk=iphoneos*]" = "iPhone Developer";
				COPY_PHASE_STRIP = NO;
				DEBUG_INFORMATION_FORMAT = "dwarf-with-dsym";
				ENABLE_NS_ASSERTIONS = NO;
				ENABLE_STRICT_OBJC_MSGSEND = YES;
				GCC_C_LANGUAGE_STANDARD = gnu99;
				GCC_NO_COMMON_BLOCKS = YES;
				GCC_WARN_64_TO_32_BIT_CONVERSION = YES;
				GCC_WARN_ABOUT_RETURN_TYPE = YES_ERROR;
				GCC_WARN_UNDECLARED_SELECTOR = YES;
				GCC_WARN_UNINITIALIZED_AUTOS = YES_AGGRESSIVE;
				GCC_WARN_UNUSED_FUNCTION = YES;
				GCC_WARN_UNUSED_VARIABLE = YES;
				IPHONEOS_DEPLOYMENT_TARGET = 10.0;
				MTL_ENABLE_DEBUG_INFO = NO;
				SDKROOT = iphoneos;
				SWIFT_OPTIMIZATION_LEVEL = "-Owholemodule";
				VALIDATE_PRODUCT = YES;
			};
			name = Release;
		};
		AFF463EF1DBF56CF0059C67D /* Debug */ = {
			isa = XCBuildConfiguration;
			buildSettings = {
				ASSETCATALOG_COMPILER_APPICON_NAME = AppIcon;
				DEVELOPMENT_TEAM = U55RL8468U;
				INFOPLIST_FILE = buyHouse/Info.plist;
				LD_RUNPATH_SEARCH_PATHS = "$(inherited) @executable_path/Frameworks";
				PRODUCT_BUNDLE_IDENTIFIER = com.elson.buyHouse;
				PRODUCT_NAME = "$(TARGET_NAME)";
				SWIFT_VERSION = 3.0;
			};
			name = Debug;
		};
		AFF463F01DBF56CF0059C67D /* Release */ = {
			isa = XCBuildConfiguration;
			buildSettings = {
				ASSETCATALOG_COMPILER_APPICON_NAME = AppIcon;
				DEVELOPMENT_TEAM = U55RL8468U;
				INFOPLIST_FILE = buyHouse/Info.plist;
				LD_RUNPATH_SEARCH_PATHS = "$(inherited) @executable_path/Frameworks";
				PRODUCT_BUNDLE_IDENTIFIER = com.elson.buyHouse;
				PRODUCT_NAME = "$(TARGET_NAME)";
				SWIFT_VERSION = 3.0;
			};
			name = Release;
		};
/* End XCBuildConfiguration section */

/* Begin XCConfigurationList section */
		AFF463D71DBF56CF0059C67D /* Build configuration list for PBXProject "buyHouse" */ = {
			isa = XCConfigurationList;
			buildConfigurations = (
				AFF463EC1DBF56CF0059C67D /* Debug */,
				AFF463ED1DBF56CF0059C67D /* Release */,
			);
			defaultConfigurationIsVisible = 0;
			defaultConfigurationName = Release;
		};
		AFF463EE1DBF56CF0059C67D /* Build configuration list for PBXNativeTarget "buyHouse" */ = {
			isa = XCConfigurationList;
			buildConfigurations = (
				AFF463EF1DBF56CF0059C67D /* Debug */,
				AFF463F01DBF56CF0059C67D /* Release */,
			);
			defaultConfigurationIsVisible = 0;
		};
/* End XCConfigurationList section */
	};
	rootObject = AFF463D41DBF56CF0059C67D /* Project object */;
}
